// !$*UTF8*$!
{
	archiveVersion = 1;
	classes = {
	};
	objectVersion = 55;
	objects = {

/* Begin PBXBuildFile section */
		5AD7DE76273834D2004CA8AC /* AppDelegate.swift in Sources */ = {isa = PBXBuildFile; fileRef = 5AD7DE75273834D2004CA8AC /* AppDelegate.swift */; };
		5AD7DE78273834D2004CA8AC /* SceneDelegate.swift in Sources */ = {isa = PBXBuildFile; fileRef = 5AD7DE77273834D2004CA8AC /* SceneDelegate.swift */; };
		5AD7DE7A273834D2004CA8AC /* ViewController.swift in Sources */ = {isa = PBXBuildFile; fileRef = 5AD7DE79273834D2004CA8AC /* ViewController.swift */; };
		5AD7DE7D273834D2004CA8AC /* Main.storyboard in Resources */ = {isa = PBXBuildFile; fileRef = 5AD7DE7B273834D2004CA8AC /* Main.storyboard */; };
		5AD7DE7F273834D3004CA8AC /* Assets.xcassets in Resources */ = {isa = PBXBuildFile; fileRef = 5AD7DE7E273834D3004CA8AC /* Assets.xcassets */; };
		5AD7DE82273834D3004CA8AC /* LaunchScreen.storyboard in Resources */ = {isa = PBXBuildFile; fileRef = 5AD7DE80273834D3004CA8AC /* LaunchScreen.storyboard */; };
		5AD7DE8B27383E40004CA8AC /* RxTheme in Frameworks */ = {isa = PBXBuildFile; productRef = 5AD7DE8A27383E40004CA8AC /* RxTheme */; };
		5AD7DE8E27383ED3004CA8AC /* TinyConstraints in Frameworks */ = {isa = PBXBuildFile; productRef = 5AD7DE8D27383ED3004CA8AC /* TinyConstraints */; };
/* End PBXBuildFile section */

/* Begin PBXFileReference section */
		5AD7DE72273834D2004CA8AC /* DarkModeTheme.app */ = {isa = PBXFileReference; explicitFileType = wrapper.application; includeInIndex = 0; path = DarkModeTheme.app; sourceTree = BUILT_PRODUCTS_DIR; };
		5AD7DE75273834D2004CA8AC /* AppDelegate.swift */ = {isa = PBXFileReference; lastKnownFileType = sourcecode.swift; path = AppDelegate.swift; sourceTree = "<group>"; };
		5AD7DE77273834D2004CA8AC /* SceneDelegate.swift */ = {isa = PBXFileReference; lastKnownFileType = sourcecode.swift; path = SceneDelegate.swift; sourceTree = "<group>"; };
		5AD7DE79273834D2004CA8AC /* ViewController.swift */ = {isa = PBXFileReference; lastKnownFileType = sourcecode.swift; path = ViewController.swift; sourceTree = "<group>"; };
		5AD7DE7C273834D2004CA8AC /* Base */ = {isa = PBXFileReference; lastKnownFileType = file.storyboard; name = Base; path = Base.lproj/Main.storyboard; sourceTree = "<group>"; };
		5AD7DE7E273834D3004CA8AC /* Assets.xcassets */ = {isa = PBXFileReference; lastKnownFileType = folder.assetcatalog; path = Assets.xcassets; sourceTree = "<group>"; };
		5AD7DE81273834D3004CA8AC /* Base */ = {isa = PBXFileReference; lastKnownFileType = file.storyboard; name = Base; path = Base.lproj/LaunchScreen.storyboard; sourceTree = "<group>"; };
		5AD7DE83273834D3004CA8AC /* Info.plist */ = {isa = PBXFileReference; lastKnownFileType = text.plist.xml; path = Info.plist; sourceTree = "<group>"; };
/* End PBXFileReference section */

/* Begin PBXFrameworksBuildPhase section */
		5AD7DE6F273834D2004CA8AC /* Frameworks */ = {
			isa = PBXFrameworksBuildPhase;
			buildActionMask = 2147483647;
			files = (
				5AD7DE8B27383E40004CA8AC /* RxTheme in Frameworks */,
				5AD7DE8E27383ED3004CA8AC /* TinyConstraints in Frameworks */,
			);
			runOnlyForDeploymentPostprocessing = 0;
		};
/* End PBXFrameworksBuildPhase section */

/* Begin PBXGroup section */
		5AD7DE69273834D2004CA8AC = {
			isa = PBXGroup;
			children = (
				5AD7DE74273834D2004CA8AC /* DarkModeTheme */,
				5AD7DE73273834D2004CA8AC /* Products */,
			);
			sourceTree = "<group>";
		};
		5AD7DE73273834D2004CA8AC /* Products */ = {
			isa = PBXGroup;
			children = (
				5AD7DE72273834D2004CA8AC /* DarkModeTheme.app */,
			);
			name = Products;
			sourceTree = "<group>";
		};
		5AD7DE74273834D2004CA8AC /* DarkModeTheme */ = {
			isa = PBXGroup;
			children = (
				5AD7DE75273834D2004CA8AC /* AppDelegate.swift */,
				5AD7DE77273834D2004CA8AC /* SceneDelegate.swift */,
				5AD7DE79273834D2004CA8AC /* ViewController.swift */,
				5AD7DE7B273834D2004CA8AC /* Main.storyboard */,
				5AD7DE7E273834D3004CA8AC /* Assets.xcassets */,
				5AD7DE80273834D3004CA8AC /* LaunchScreen.storyboard */,
				5AD7DE83273834D3004CA8AC /* Info.plist */,
			);
			path = DarkModeTheme;
			sourceTree = "<group>";
		};
/* End PBXGroup section */

/* Begin PBXNativeTarget section */
		5AD7DE71273834D2004CA8AC /* DarkModeTheme */ = {
			isa = PBXNativeTarget;
			buildConfigurationList = 5AD7DE86273834D3004CA8AC /* Build configuration list for PBXNativeTarget "DarkModeTheme" */;
			buildPhases = (
				5AD7DE6E273834D2004CA8AC /* Sources */,
				5AD7DE6F273834D2004CA8AC /* Frameworks */,
				5AD7DE70273834D2004CA8AC /* Resources */,
			);
			buildRules = (
			);
			dependencies = (
			);
			name = DarkModeTheme;
			packageProductDependencies = (
				5AD7DE8A27383E40004CA8AC /* RxTheme */,
				5AD7DE8D27383ED3004CA8AC /* TinyConstraints */,
			);
			productName = DarkModeTheme;
			productReference = 5AD7DE72273834D2004CA8AC /* DarkModeTheme.app */;
			productType = "com.apple.product-type.application";
		};
/* End PBXNativeTarget section */

/* Begin PBXProject section */
		5AD7DE6A273834D2004CA8AC /* Project object */ = {
			isa = PBXProject;
			attributes = {
				BuildIndependentTargetsInParallel = 1;
				LastSwiftUpdateCheck = 1300;
				LastUpgradeCheck = 1300;
				TargetAttributes = {
					5AD7DE71273834D2004CA8AC = {
						CreatedOnToolsVersion = 13.0;
					};
				};
			};
			buildConfigurationList = 5AD7DE6D273834D2004CA8AC /* Build configuration list for PBXProject "DarkModeTheme" */;
			compatibilityVersion = "Xcode 13.0";
			developmentRegion = en;
			hasScannedForEncodings = 0;
			knownRegions = (
				en,
				Base,
			);
			mainGroup = 5AD7DE69273834D2004CA8AC;
			packageReferences = (
				5AD7DE8927383E40004CA8AC /* XCRemoteSwiftPackageReference "RxTheme" */,
				5AD7DE8C27383ED3004CA8AC /* XCRemoteSwiftPackageReference "TinyConstraints" */,
			);
			productRefGroup = 5AD7DE73273834D2004CA8AC /* Products */;
			projectDirPath = "";
			projectRoot = "";
			targets = (
				5AD7DE71273834D2004CA8AC /* DarkModeTheme */,
			);
		};
/* End PBXProject section */

/* Begin PBXResourcesBuildPhase section */
		5AD7DE70273834D2004CA8AC /* Resources */ = {
			isa = PBXResourcesBuildPhase;
			buildActionMask = 2147483647;
			files = (
				5AD7DE82273834D3004CA8AC /* LaunchScreen.storyboard in Resources */,
				5AD7DE7F273834D3004CA8AC /* Assets.xcassets in Resources */,
				5AD7DE7D273834D2004CA8AC /* Main.storyboard in Resources */,
			);
			runOnlyForDeploymentPostprocessing = 0;
		};
/* End PBXResourcesBuildPhase section */

/* Begin PBXSourcesBuildPhase section */
		5AD7DE6E273834D2004CA8AC /* Sources */ = {
			isa = PBXSourcesBuildPhase;
			buildActionMask = 2147483647;
			files = (
				5AD7DE7A273834D2004CA8AC /* ViewController.swift in Sources */,
				5AD7DE76273834D2004CA8AC /* AppDelegate.swift in Sources */,
				5AD7DE78273834D2004CA8AC /* SceneDelegate.swift in Sources */,
			);
			runOnlyForDeploymentPostprocessing = 0;
		};
/* End PBXSourcesBuildPhase section */

/* Begin PBXVariantGroup section */
		5AD7DE7B273834D2004CA8AC /* Main.storyboard */ = {
			isa = PBXVariantGroup;
			children = (
				5AD7DE7C273834D2004CA8AC /* Base */,
			);
			name = Main.storyboard;
			sourceTree = "<group>";
		};
		5AD7DE80273834D3004CA8AC /* LaunchScreen.storyboard */ = {
			isa = PBXVariantGroup;
			children = (
				5AD7DE81273834D3004CA8AC /* Base */,
			);
			name = LaunchScreen.storyboard;
			sourceTree = "<group>";
		};
/* End PBXVariantGroup section */

/* Begin XCBuildConfiguration section */
		5AD7DE84273834D3004CA8AC /* Debug */ = {
			isa = XCBuildConfiguration;
			buildSettings = {
				ALWAYS_SEARCH_USER_PATHS = NO;
				CLANG_ANALYZER_NONNULL = YES;
				CLANG_ANALYZER_NUMBER_OBJECT_CONVERSION = YES_AGGRESSIVE;
				CLANG_CXX_LANGUAGE_STANDARD = "gnu++17";
				CLANG_CXX_LIBRARY = "libc++";
				CLANG_ENABLE_MODULES = YES;
				CLANG_ENABLE_OBJC_ARC = YES;
				CLANG_ENABLE_OBJC_WEAK = YES;
				CLANG_WARN_BLOCK_CAPTURE_AUTORELEASING = YES;
				CLANG_WARN_BOOL_CONVERSION = YES;
				CLANG_WARN_COMMA = YES;
				CLANG_WARN_CONSTANT_CONVERSION = YES;
				CLANG_WARN_DEPRECATED_OBJC_IMPLEMENTATIONS = YES;
				CLANG_WARN_DIRECT_OBJC_ISA_USAGE = YES_ERROR;
				CLANG_WARN_DOCUMENTATION_COMMENTS = YES;
				CLANG_WARN_EMPTY_BODY = YES;
				CLANG_WARN_ENUM_CONVERSION = YES;
				CLANG_WARN_INFINITE_RECURSION = YES;
				CLANG_WARN_INT_CONVERSION = YES;
				CLANG_WARN_NON_LITERAL_NULL_CONVERSION = YES;
				CLANG_WARN_OBJC_IMPLICIT_RETAIN_SELF = YES;
				CLANG_WARN_OBJC_LITERAL_CONVERSION = YES;
				CLANG_WARN_OBJC_ROOT_CLASS = YES_ERROR;
				CLANG_WARN_QUOTED_INCLUDE_IN_FRAMEWORK_HEADER = YES;
				CLANG_WARN_RANGE_LOOP_ANALYSIS = YES;
				CLANG_WARN_STRICT_PROTOTYPES = YES;
				CLANG_WARN_SUSPICIOUS_MOVE = YES;
				CLANG_WARN_UNGUARDED_AVAILABILITY = YES_AGGRESSIVE;
				CLANG_WARN_UNREACHABLE_CODE = YES;
				CLANG_WARN__DUPLICATE_METHOD_MATCH = YES;
				COPY_PHASE_STRIP = NO;
				DEBUG_INFORMATION_FORMAT = dwarf;
				ENABLE_STRICT_OBJC_MSGSEND = YES;
				ENABLE_TESTABILITY = YES;
				GCC_C_LANGUAGE_STANDARD = gnu11;
				GCC_DYNAMIC_NO_PIC = NO;
				GCC_NO_COMMON_BLOCKS = YES;
				GCC_OPTIMIZATION_LEVEL = 0;
				GCC_PREPROCESSOR_DEFINITIONS = (
					"DEBUG=1",
					"$(inherited)",
				);
				GCC_WARN_64_TO_32_BIT_CONVERSION = YES;
				GCC_WARN_ABOUT_RETURN_TYPE = YES_ERROR;
				GCC_WARN_UNDECLARED_SELECTOR = YES;
				GCC_WARN_UNINITIALIZED_AUTOS = YES_AGGRESSIVE;
				GCC_WARN_UNUSED_FUNCTION = YES;
				GCC_WARN_UNUSED_VARIABLE = YES;
				IPHONEOS_DEPLOYMENT_TARGET = 15.0;
				MTL_ENABLE_DEBUG_INFO = INCLUDE_SOURCE;
				MTL_FAST_MATH = YES;
				ONLY_ACTIVE_ARCH = YES;
				SDKROOT = iphoneos;
				SWIFT_ACTIVE_COMPILATION_CONDITIONS = DEBUG;
				SWIFT_OPTIMIZATION_LEVEL = "-Onone";
			};
			name = Debug;
		};
		5AD7DE85273834D3004CA8AC /* Release */ = {
			isa = XCBuildConfiguration;
			buildSettings = {
				ALWAYS_SEARCH_USER_PATHS = NO;
				CLANG_ANALYZER_NONNULL = YES;
				CLANG_ANALYZER_NUMBER_OBJECT_CONVERSION = YES_AGGRESSIVE;
				CLANG_CXX_LANGUAGE_STANDARD = "gnu++17";
				CLANG_CXX_LIBRARY = "libc++";
				CLANG_ENABLE_MODULES = YES;
				CLANG_ENABLE_OBJC_ARC = YES;
				CLANG_ENABLE_OBJC_WEAK = YES;
				CLANG_WARN_BLOCK_CAPTURE_AUTORELEASING = YES;
				CLANG_WARN_BOOL_CONVERSION = YES;
				CLANG_WARN_COMMA = YES;
				CLANG_WARN_CONSTANT_CONVERSION = YES;
				CLANG_WARN_DEPRECATED_OBJC_IMPLEMENTATIONS = YES;
				CLANG_WARN_DIRECT_OBJC_ISA_USAGE = YES_ERROR;
				CLANG_WARN_DOCUMENTATION_COMMENTS = YES;
				CLANG_WARN_EMPTY_BODY = YES;
				CLANG_WARN_ENUM_CONVERSION = YES;
				CLANG_WARN_INFINITE_RECURSION = YES;
				CLANG_WARN_INT_CONVERSION = YES;
				CLANG_WARN_NON_LITERAL_NULL_CONVERSION = YES;
				CLANG_WARN_OBJC_IMPLICIT_RETAIN_SELF = YES;
				CLANG_WARN_OBJC_LITERAL_CONVERSION = YES;
				CLANG_WARN_OBJC_ROOT_CLASS = YES_ERROR;
				CLANG_WARN_QUOTED_INCLUDE_IN_FRAMEWORK_HEADER = YES;
				CLANG_WARN_RANGE_LOOP_ANALYSIS = YES;
				CLANG_WARN_STRICT_PROTOTYPES = YES;
				CLANG_WARN_SUSPICIOUS_MOVE = YES;
				CLANG_WARN_UNGUARDED_AVAILABILITY = YES_AGGRESSIVE;
				CLANG_WARN_UNREACHABLE_CODE = YES;
				CLANG_WARN__DUPLICATE_METHOD_MATCH = YES;
				COPY_PHASE_STRIP = NO;
				DEBUG_INFORMATION_FORMAT = "dwarf-with-dsym";
				ENABLE_NS_ASSERTIONS = NO;
				ENABLE_STRICT_OBJC_MSGSEND = YES;
				GCC_C_LANGUAGE_STANDARD = gnu11;
				GCC_NO_COMMON_BLOCKS = YES;
				GCC_WARN_64_TO_32_BIT_CONVERSION = YES;
				GCC_WARN_ABOUT_RETURN_TYPE = YES_ERROR;
				GCC_WARN_UNDECLARED_SELECTOR = YES;
				GCC_WARN_UNINITIALIZED_AUTOS = YES_AGGRESSIVE;
				GCC_WARN_UNUSED_FUNCTION = YES;
				GCC_WARN_UNUSED_VARIABLE = YES;
				IPHONEOS_DEPLOYMENT_TARGET = 15.0;
				MTL_ENABLE_DEBUG_INFO = NO;
				MTL_FAST_MATH = YES;
				SDKROOT = iphoneos;
				SWIFT_COMPILATION_MODE = wholemodule;
				SWIFT_OPTIMIZATION_LEVEL = "-O";
				VALIDATE_PRODUCT = YES;
			};
			name = Release;
		};
		5AD7DE87273834D3004CA8AC /* Debug */ = {
			isa = XCBuildConfiguration;
			buildSettings = {
				ASSETCATALOG_COMPILER_APPICON_NAME = AppIcon;
				ASSETCATALOG_COMPILER_GLOBAL_ACCENT_COLOR_NAME = AccentColor;
				CODE_SIGN_STYLE = Automatic;
				CURRENT_PROJECT_VERSION = 1;
				GENERATE_INFOPLIST_FILE = YES;
				INFOPLIST_FILE = DarkModeTheme/Info.plist;
				INFOPLIST_KEY_UIApplicationSupportsIndirectInputEvents = YES;
				INFOPLIST_KEY_UILaunchStoryboardName = LaunchScreen;
				INFOPLIST_KEY_UIMainStoryboardFile = Main;
				INFOPLIST_KEY_UISupportedInterfaceOrientations_iPad = "UIInterfaceOrientationPortrait UIInterfaceOrientationPortraitUpsideDown UIInterfaceOrientationLandscapeLeft UIInterfaceOrientationLandscapeRight";
				INFOPLIST_KEY_UISupportedInterfaceOrientations_iPhone = "UIInterfaceOrientationPortrait UIInterfaceOrientationLandscapeLeft UIInterfaceOrientationLandscapeRight";
				LD_RUNPATH_SEARCH_PATHS = (
					"$(inherited)",
					"@executable_path/Frameworks",
				);
				MARKETING_VERSION = 1.0;
				PRODUCT_BUNDLE_IDENTIFIER = com.alicanyilmaz.DarkModeTheme;
				PRODUCT_NAME = "$(TARGET_NAME)";
				SWIFT_EMIT_LOC_STRINGS = YES;
				SWIFT_VERSION = 5.0;
				TARGETED_DEVICE_FAMILY = "1,2";
			};
			name = Debug;
		};
		5AD7DE88273834D3004CA8AC /* Release */ = {
			isa = XCBuildConfiguration;
			buildSettings = {
				ASSETCATALOG_COMPILER_APPICON_NAME = AppIcon;
				ASSETCATALOG_COMPILER_GLOBAL_ACCENT_COLOR_NAME = AccentColor;
				CODE_SIGN_STYLE = Automatic;
				CURRENT_PROJECT_VERSION = 1;
				GENERATE_INFOPLIST_FILE = YES;
				INFOPLIST_FILE = DarkModeTheme/Info.plist;
				INFOPLIST_KEY_UIApplicationSupportsIndirectInputEvents = YES;
				INFOPLIST_KEY_UILaunchStoryboardName = LaunchScreen;
				INFOPLIST_KEY_UIMainStoryboardFile = Main;
				INFOPLIST_KEY_UISupportedInterfaceOrientations_iPad = "UIInterfaceOrientationPortrait UIInterfaceOrientationPortraitUpsideDown UIInterfaceOrientationLandscapeLeft UIInterfaceOrientationLandscapeRight";
				INFOPLIST_KEY_UISupportedInterfaceOrientations_iPhone = "UIInterfaceOrientationPortrait UIInterfaceOrientationLandscapeLeft UIInterfaceOrientationLandscapeRight";
				LD_RUNPATH_SEARCH_PATHS = (
					"$(inherited)",
					"@executable_path/Frameworks",
				);
				MARKETING_VERSION = 1.0;
				PRODUCT_BUNDLE_IDENTIFIER = com.alicanyilmaz.DarkModeTheme;
				PRODUCT_NAME = "$(TARGET_NAME)";
				SWIFT_EMIT_LOC_STRINGS = YES;
				SWIFT_VERSION = 5.0;
				TARGETED_DEVICE_FAMILY = "1,2";
			};
			name = Release;
		};
/* End XCBuildConfiguration section */

/* Begin XCConfigurationList section */
		5AD7DE6D273834D2004CA8AC /* Build configuration list for PBXProject "DarkModeTheme" */ = {
			isa = XCConfigurationList;
			buildConfigurations = (
				5AD7DE84273834D3004CA8AC /* Debug */,
				5AD7DE85273834D3004CA8AC /* Release */,
			);
			defaultConfigurationIsVisible = 0;
			defaultConfigurationName = Release;
		};
		5AD7DE86273834D3004CA8AC /* Build configuration list for PBXNativeTarget "DarkModeTheme" */ = {
			isa = XCConfigurationList;
			buildConfigurations = (
				5AD7DE87273834D3004CA8AC /* Debug */,
				5AD7DE88273834D3004CA8AC /* Release */,
			);
			defaultConfigurationIsVisible = 0;
			defaultConfigurationName = Release;
		};
/* End XCConfigurationList section */

/* Begin XCRemoteSwiftPackageReference section */
		5AD7DE8927383E40004CA8AC /* XCRemoteSwiftPackageReference "RxTheme" */ = {
			isa = XCRemoteSwiftPackageReference;
			repositoryURL = "https://github.com/RxSwiftCommunity/RxTheme";
			requirement = {
				kind = upToNextMajorVersion;
				minimumVersion = 6.0.0;
			};
		};
		5AD7DE8C27383ED3004CA8AC /* XCRemoteSwiftPackageReference "TinyConstraints" */ = {
			isa = XCRemoteSwiftPackageReference;
			repositoryURL = "https://github.com/roberthein/TinyConstraints.git";
			requirement = {
				kind = upToNextMajorVersion;
				minimumVersion = 4.0.0;
			};
		};
/* End XCRemoteSwiftPackageReference section */

/* Begin XCSwiftPackageProductDependency section */
		5AD7DE8A27383E40004CA8AC /* RxTheme */ = {
			isa = XCSwiftPackageProductDependency;
			package = 5AD7DE8927383E40004CA8AC /* XCRemoteSwiftPackageReference "RxTheme" */;
			productName = RxTheme;
		};
		5AD7DE8D27383ED3004CA8AC /* TinyConstraints */ = {
			isa = XCSwiftPackageProductDependency;
			package = 5AD7DE8C27383ED3004CA8AC /* XCRemoteSwiftPackageReference "TinyConstraints" */;
			productName = TinyConstraints;
		};
/* End XCSwiftPackageProductDependency section */
	};
	rootObject = 5AD7DE6A273834D2004CA8AC /* Project object */;
}
